
Microsoft Visual Studio Solution File, Format Version 12.00
# Visual Studio Version 16
VisualStudioVersion = 16.0.30225.117
MinimumVisualStudioVersion = 10.0.40219.1
Project("{9092AA53-FB77-4645-B42D-1CCCA6BD08BD}") = "Assignment2", "Assignment2\Assignment2.njsproj", "{B8755E0E-5B23-4781-9A17-19BE7A2310BA}"
EndProject
Global
	GlobalSection(SolutionConfigurationPlatforms) = preSolution
		Debug|Any CPU = Debug|Any CPU
		Release|Any CPU = Release|Any CPU
	EndGlobalSection
	GlobalSection(ProjectConfigurationPlatforms) = postSolution
		{B8755E0E-5B23-4781-9A17-19BE7A2310BA}.Debug|Any CPU.ActiveCfg = Debug|Any CPU
		{B8755E0E-5B23-4781-9A17-19BE7A2310BA}.Debug|Any CPU.Build.0 = Debug|Any CPU
		{B8755E0E-5B23-4781-9A17-19BE7A2310BA}.Release|Any CPU.ActiveCfg = Release|Any CPU
		{B8755E0E-5B23-4781-9A17-19BE7A2310BA}.Release|Any CPU.Build.0 = Release|Any CPU
	EndGlobalSection
	GlobalSection(SolutionProperties) = preSolution
		HideSolutionNode = FALSE
	EndGlobalSection
	GlobalSection(ExtensibilityGlobals) = postSolution
		SolutionGuid = {88A93D19-911F-4DFA-B9E9-F7A32CE49A09}
	EndGlobalSection
EndGlobal
